{
  "version": 4,
  "terraform_version": "1.6.6",
  "serial": 63,
  "lineage": "cdb0c015-1760-60d1-2e01-2a18d51b44df",
  "outputs": {},
  "resources": [
    {
      "mode": "managed",
      "type": "azurerm_linux_virtual_machine",
      "name": "vm",
      "provider": "provider[\"registry.terraform.io/hashicorp/azurerm\"]",
      "instances": [
        {
          "index_key": "vm1",
          "schema_version": 0,
          "attributes": {
            "additional_capabilities": [],
            "admin_password": null,
            "admin_ssh_key": [
              {
                "public_key": "ssh-rsa AAAAB3NzaC1yc2EAAAADAQABAAABgQC0bP+jdz5EdVFanKJKALqWID4EBNoKzqtNwrX1/PM6KD6nCJ098jUjSiXLfWqCs6QNnvfw255WiBf9Jb3RVBxz8k255LIoP81bS1VYLnRRlQpM/ouVHrPkHkGUEq5RI1c168Vi8mTQ4idRZssjyQU3mzd9AJqejEyxGEg94HPJdKU4enGV7xiNwPyCfx6U5h/L/z0foOeEIGXD4fYNS9gxJ+6MmJWpmUdhrCIc4PfXEkMVWH7l/k3VLr3NNkFmInRs7mSdgyxldSQ4mHOHWYKek+13RXIAbTjF/IkbQyoJOVNFW3+DAzzmu+A5F07kowFCuLvM2AAdb9GziS0LpkMDm9ziaz4N1XYT607wcjqEXZTkEH+ALhtrM0T0a25q+fkgJmeDEBUtjORSf5XbQUoc7zD4Z5KlG9dU/CXvtUVShG6sg5vSpvtVrQ3nQVHLUdIe4OkPuQH9i6YiiPSeYeb8ESURpaDYg8jWnmviW7/07h6peq40wMMFEJpJmXN6OOc= pawlowski@PC-0-1\r\n",
                "username": "adminuser"
              }
            ],
            "admin_username": "adminuser",
            "allow_extension_operations": true,
            "availability_set_id": "",
            "boot_diagnostics": [],
            "computer_name": "srv-backend",
            "custom_data": null,
            "dedicated_host_group_id": "",
            "dedicated_host_id": "",
            "disable_password_authentication": true,
            "encryption_at_host_enabled": false,
            "eviction_policy": "",
            "extensions_time_budget": "PT1H30M",
            "id": "/subscriptions/46e887db-59a6-4fcf-8e90-3750d9d7dbbe/resourceGroups/MoneyMinder/providers/Microsoft.Compute/virtualMachines/srv-backend",
            "identity": [],
            "license_type": "",
            "location": "westeurope",
            "max_bid_price": -1,
            "name": "srv-backend",
            "network_interface_ids": [
              "/subscriptions/46e887db-59a6-4fcf-8e90-3750d9d7dbbe/resourceGroups/MoneyMinder/providers/Microsoft.Network/networkInterfaces/srv-backend"
            ],
            "os_disk": [
              {
                "caching": "ReadWrite",
                "diff_disk_settings": [],
                "disk_encryption_set_id": "",
                "disk_size_gb": 30,
                "name": "srv-backend_disk1_33cf82f1710745e4b0ce8449e7094f49",
                "storage_account_type": "Standard_LRS",
                "write_accelerator_enabled": false
              }
            ],
            "patch_mode": "ImageDefault",
            "plan": [],
            "platform_fault_domain": -1,
            "priority": "Regular",
            "private_ip_address": "172.16.0.6",
            "private_ip_addresses": [
              "172.16.0.6"
            ],
            "provision_vm_agent": true,
            "proximity_placement_group_id": "",
            "public_ip_address": "40.118.71.90",
            "public_ip_addresses": [
              "40.118.71.90"
            ],
            "resource_group_name": "MoneyMinder",
            "secret": [],
            "secure_boot_enabled": false,
            "size": "Standard_DS1_v2",
            "source_image_id": "",
            "source_image_reference": [
              {
                "offer": "0001-com-ubuntu-server-jammy",
                "publisher": "Canonical",
                "sku": "22_04-lts-gen2",
                "version": "latest"
              }
            ],
            "tags": null,
            "timeouts": null,
            "user_data": "",
            "virtual_machine_id": "efd3bdcc-cfea-45ec-8966-06377d806785",
            "virtual_machine_scale_set_id": "",
            "vtpm_enabled": false,
            "zone": ""
          },
          "sensitive_attributes": [],
          "private": "eyJlMmJmYjczMC1lY2FhLTExZTYtOGY4OC0zNDM2M2JjN2M0YzAiOnsiY3JlYXRlIjoyNzAwMDAwMDAwMDAwLCJkZWxldGUiOjI3MDAwMDAwMDAwMDAsInJlYWQiOjMwMDAwMDAwMDAwMCwidXBkYXRlIjoyNzAwMDAwMDAwMDAwfX0=",
          "dependencies": [
            "azurerm_network_interface.nic",
            "azurerm_public_ip.pip",
            "azurerm_resource_group.rg",
            "azurerm_subnet.subnet",
            "azurerm_virtual_network.vnet"
          ]
        },
        {
          "index_key": "vm2",
          "schema_version": 0,
          "attributes": {
            "additional_capabilities": [],
            "admin_password": null,
            "admin_ssh_key": [
              {
                "public_key": "ssh-rsa AAAAB3NzaC1yc2EAAAADAQABAAABgQC0bP+jdz5EdVFanKJKALqWID4EBNoKzqtNwrX1/PM6KD6nCJ098jUjSiXLfWqCs6QNnvfw255WiBf9Jb3RVBxz8k255LIoP81bS1VYLnRRlQpM/ouVHrPkHkGUEq5RI1c168Vi8mTQ4idRZssjyQU3mzd9AJqejEyxGEg94HPJdKU4enGV7xiNwPyCfx6U5h/L/z0foOeEIGXD4fYNS9gxJ+6MmJWpmUdhrCIc4PfXEkMVWH7l/k3VLr3NNkFmInRs7mSdgyxldSQ4mHOHWYKek+13RXIAbTjF/IkbQyoJOVNFW3+DAzzmu+A5F07kowFCuLvM2AAdb9GziS0LpkMDm9ziaz4N1XYT607wcjqEXZTkEH+ALhtrM0T0a25q+fkgJmeDEBUtjORSf5XbQUoc7zD4Z5KlG9dU/CXvtUVShG6sg5vSpvtVrQ3nQVHLUdIe4OkPuQH9i6YiiPSeYeb8ESURpaDYg8jWnmviW7/07h6peq40wMMFEJpJmXN6OOc= pawlowski@PC-0-1\r\n",
                "username": "adminuser"
              }
            ],
            "admin_username": "adminuser",
            "allow_extension_operations": true,
            "availability_set_id": "",
            "boot_diagnostics": [],
            "computer_name": "srv-db",
            "custom_data": null,
            "dedicated_host_group_id": "",
            "dedicated_host_id": "",
            "disable_password_authentication": true,
            "encryption_at_host_enabled": false,
            "eviction_policy": "",
            "extensions_time_budget": "PT1H30M",
            "id": "/subscriptions/46e887db-59a6-4fcf-8e90-3750d9d7dbbe/resourceGroups/MoneyMinder/providers/Microsoft.Compute/virtualMachines/srv-db",
            "identity": [],
            "license_type": "",
            "location": "westeurope",
            "max_bid_price": -1,
            "name": "srv-db",
            "network_interface_ids": [
              "/subscriptions/46e887db-59a6-4fcf-8e90-3750d9d7dbbe/resourceGroups/MoneyMinder/providers/Microsoft.Network/networkInterfaces/srv-db"
            ],
            "os_disk": [
              {
                "caching": "ReadWrite",
                "diff_disk_settings": [],
                "disk_encryption_set_id": "",
                "disk_size_gb": 30,
                "name": "srv-db_OsDisk_1_5baa27a40921421cba110a34295b022f",
                "storage_account_type": "Standard_LRS",
                "write_accelerator_enabled": false
              }
            ],
            "patch_mode": "ImageDefault",
            "plan": [],
            "platform_fault_domain": -1,
            "priority": "Regular",
            "private_ip_address": "172.16.0.4",
            "private_ip_addresses": [
              "172.16.0.4"
            ],
            "provision_vm_agent": true,
            "proximity_placement_group_id": "",
            "public_ip_address": "40.113.98.164",
            "public_ip_addresses": [
              "40.113.98.164"
            ],
            "resource_group_name": "MoneyMinder",
            "secret": [],
            "secure_boot_enabled": false,
            "size": "Standard_DS1_v2",
            "source_image_id": "",
            "source_image_reference": [
              {
                "offer": "0001-com-ubuntu-server-jammy",
                "publisher": "Canonical",
                "sku": "22_04-lts-gen2",
                "version": "latest"
              }
            ],
            "tags": null,
            "timeouts": null,
            "user_data": "",
            "virtual_machine_id": "ef21062f-4653-487c-8744-ff4944f31332",
            "virtual_machine_scale_set_id": "",
            "vtpm_enabled": false,
            "zone": ""
          },
          "sensitive_attributes": [],
          "private": "eyJlMmJmYjczMC1lY2FhLTExZTYtOGY4OC0zNDM2M2JjN2M0YzAiOnsiY3JlYXRlIjoyNzAwMDAwMDAwMDAwLCJkZWxldGUiOjI3MDAwMDAwMDAwMDAsInJlYWQiOjMwMDAwMDAwMDAwMCwidXBkYXRlIjoyNzAwMDAwMDAwMDAwfX0=",
          "dependencies": [
            "azurerm_network_interface.nic",
            "azurerm_public_ip.pip",
            "azurerm_resource_group.rg",
            "azurerm_subnet.subnet",
            "azurerm_virtual_network.vnet"
          ]
        },
        {
          "index_key": "vm3",
          "schema_version": 0,
          "attributes": {
            "additional_capabilities": [],
            "admin_password": null,
            "admin_ssh_key": [
              {
                "public_key": "ssh-rsa AAAAB3NzaC1yc2EAAAADAQABAAABgQC0bP+jdz5EdVFanKJKALqWID4EBNoKzqtNwrX1/PM6KD6nCJ098jUjSiXLfWqCs6QNnvfw255WiBf9Jb3RVBxz8k255LIoP81bS1VYLnRRlQpM/ouVHrPkHkGUEq5RI1c168Vi8mTQ4idRZssjyQU3mzd9AJqejEyxGEg94HPJdKU4enGV7xiNwPyCfx6U5h/L/z0foOeEIGXD4fYNS9gxJ+6MmJWpmUdhrCIc4PfXEkMVWH7l/k3VLr3NNkFmInRs7mSdgyxldSQ4mHOHWYKek+13RXIAbTjF/IkbQyoJOVNFW3+DAzzmu+A5F07kowFCuLvM2AAdb9GziS0LpkMDm9ziaz4N1XYT607wcjqEXZTkEH+ALhtrM0T0a25q+fkgJmeDEBUtjORSf5XbQUoc7zD4Z5KlG9dU/CXvtUVShG6sg5vSpvtVrQ3nQVHLUdIe4OkPuQH9i6YiiPSeYeb8ESURpaDYg8jWnmviW7/07h6peq40wMMFEJpJmXN6OOc= pawlowski@PC-0-1\r\n",
                "username": "adminuser"
              }
            ],
            "admin_username": "adminuser",
            "allow_extension_operations": true,
            "availability_set_id": "",
            "boot_diagnostics": [],
            "computer_name": "srv-frontend",
            "custom_data": null,
            "dedicated_host_group_id": "",
            "dedicated_host_id": "",
            "disable_password_authentication": true,
            "encryption_at_host_enabled": false,
            "eviction_policy": "",
            "extensions_time_budget": "PT1H30M",
            "id": "/subscriptions/46e887db-59a6-4fcf-8e90-3750d9d7dbbe/resourceGroups/MoneyMinder/providers/Microsoft.Compute/virtualMachines/srv-frontend",
            "identity": [],
            "license_type": "",
            "location": "westeurope",
            "max_bid_price": -1,
            "name": "srv-frontend",
            "network_interface_ids": [
              "/subscriptions/46e887db-59a6-4fcf-8e90-3750d9d7dbbe/resourceGroups/MoneyMinder/providers/Microsoft.Network/networkInterfaces/srv-frontend"
            ],
            "os_disk": [
              {
                "caching": "ReadWrite",
                "diff_disk_settings": [],
                "disk_encryption_set_id": "",
                "disk_size_gb": 30,
                "name": "srv-frontend_OsDisk_1_c743afd3f9044df2b63c69833dc79c82",
                "storage_account_type": "Standard_LRS",
                "write_accelerator_enabled": false
              }
            ],
            "patch_mode": "ImageDefault",
            "plan": [],
            "platform_fault_domain": -1,
            "priority": "Regular",
            "private_ip_address": "172.16.0.5",
            "private_ip_addresses": [
              "172.16.0.5"
            ],
            "provision_vm_agent": true,
            "proximity_placement_group_id": "",
            "public_ip_address": "40.118.70.2",
            "public_ip_addresses": [
              "40.118.70.2"
            ],
            "resource_group_name": "MoneyMinder",
            "secret": [],
            "secure_boot_enabled": false,
            "size": "Standard_DS1_v2",
            "source_image_id": "",
            "source_image_reference": [
              {
                "offer": "0001-com-ubuntu-server-jammy",
                "publisher": "Canonical",
                "sku": "22_04-lts-gen2",
                "version": "latest"
              }
            ],
            "tags": null,
            "timeouts": null,
            "user_data": "",
            "virtual_machine_id": "b5de6e6e-84e7-4f7e-b665-9176da9e435a",
            "virtual_machine_scale_set_id": "",
            "vtpm_enabled": false,
            "zone": ""
          },
          "sensitive_attributes": [],
          "private": "eyJlMmJmYjczMC1lY2FhLTExZTYtOGY4OC0zNDM2M2JjN2M0YzAiOnsiY3JlYXRlIjoyNzAwMDAwMDAwMDAwLCJkZWxldGUiOjI3MDAwMDAwMDAwMDAsInJlYWQiOjMwMDAwMDAwMDAwMCwidXBkYXRlIjoyNzAwMDAwMDAwMDAwfX0=",
          "dependencies": [
            "azurerm_network_interface.nic",
            "azurerm_public_ip.pip",
            "azurerm_resource_group.rg",
            "azurerm_subnet.subnet",
            "azurerm_virtual_network.vnet"
          ]
        }
      ]
    },
    {
      "mode": "managed",
      "type": "azurerm_network_interface",
      "name": "nic",
      "provider": "provider[\"registry.terraform.io/hashicorp/azurerm\"]",
      "instances": [
        {
          "index_key": "vm1",
          "schema_version": 0,
          "attributes": {
            "applied_dns_servers": [],
            "dns_servers": [],
            "enable_accelerated_networking": false,
            "enable_ip_forwarding": false,
            "id": "/subscriptions/46e887db-59a6-4fcf-8e90-3750d9d7dbbe/resourceGroups/MoneyMinder/providers/Microsoft.Network/networkInterfaces/srv-backend",
            "internal_dns_name_label": "",
            "internal_domain_name_suffix": "gerbt5r5a55ezbzxxu4r5bn2ta.ax.internal.cloudapp.net",
            "ip_configuration": [
              {
                "gateway_load_balancer_frontend_ip_configuration_id": "",
                "name": "internal",
                "primary": true,
                "private_ip_address": "172.16.0.6",
                "private_ip_address_allocation": "Dynamic",
                "private_ip_address_version": "IPv4",
                "public_ip_address_id": "/subscriptions/46e887db-59a6-4fcf-8e90-3750d9d7dbbe/resourceGroups/MoneyMinder/providers/Microsoft.Network/publicIPAddresses/srv-backend",
                "subnet_id": "/subscriptions/46e887db-59a6-4fcf-8e90-3750d9d7dbbe/resourceGroups/MoneyMinder/providers/Microsoft.Network/virtualNetworks/moneyminder-network/subnets/VMsubnet"
              }
            ],
            "location": "westeurope",
            "mac_address": "",
            "name": "srv-backend",
            "private_ip_address": "172.16.0.6",
            "private_ip_addresses": [
              "172.16.0.6"
            ],
            "resource_group_name": "MoneyMinder",
            "tags": null,
            "timeouts": null,
            "virtual_machine_id": ""
          },
          "sensitive_attributes": [],
          "private": "eyJlMmJmYjczMC1lY2FhLTExZTYtOGY4OC0zNDM2M2JjN2M0YzAiOnsiY3JlYXRlIjoxODAwMDAwMDAwMDAwLCJkZWxldGUiOjE4MDAwMDAwMDAwMDAsInJlYWQiOjMwMDAwMDAwMDAwMCwidXBkYXRlIjoxODAwMDAwMDAwMDAwfX0=",
          "dependencies": [
            "azurerm_public_ip.pip",
            "azurerm_resource_group.rg",
            "azurerm_subnet.subnet",
            "azurerm_virtual_network.vnet"
          ]
        },
        {
          "index_key": "vm2",
          "schema_version": 0,
          "attributes": {
            "applied_dns_servers": [],
            "dns_servers": [],
            "enable_accelerated_networking": false,
            "enable_ip_forwarding": false,
            "id": "/subscriptions/46e887db-59a6-4fcf-8e90-3750d9d7dbbe/resourceGroups/MoneyMinder/providers/Microsoft.Network/networkInterfaces/srv-db",
            "internal_dns_name_label": "",
            "internal_domain_name_suffix": "gerbt5r5a55ezbzxxu4r5bn2ta.ax.internal.cloudapp.net",
            "ip_configuration": [
              {
                "gateway_load_balancer_frontend_ip_configuration_id": "",
                "name": "internal",
                "primary": true,
                "private_ip_address": "172.16.0.4",
                "private_ip_address_allocation": "Dynamic",
                "private_ip_address_version": "IPv4",
                "public_ip_address_id": "/subscriptions/46e887db-59a6-4fcf-8e90-3750d9d7dbbe/resourceGroups/MoneyMinder/providers/Microsoft.Network/publicIPAddresses/srv-db",
                "subnet_id": "/subscriptions/46e887db-59a6-4fcf-8e90-3750d9d7dbbe/resourceGroups/MoneyMinder/providers/Microsoft.Network/virtualNetworks/moneyminder-network/subnets/VMsubnet"
              }
            ],
            "location": "westeurope",
            "mac_address": "",
            "name": "srv-db",
            "private_ip_address": "172.16.0.4",
            "private_ip_addresses": [
              "172.16.0.4"
            ],
            "resource_group_name": "MoneyMinder",
            "tags": null,
            "timeouts": null,
            "virtual_machine_id": ""
          },
          "sensitive_attributes": [],
          "private": "eyJlMmJmYjczMC1lY2FhLTExZTYtOGY4OC0zNDM2M2JjN2M0YzAiOnsiY3JlYXRlIjoxODAwMDAwMDAwMDAwLCJkZWxldGUiOjE4MDAwMDAwMDAwMDAsInJlYWQiOjMwMDAwMDAwMDAwMCwidXBkYXRlIjoxODAwMDAwMDAwMDAwfX0=",
          "dependencies": [
            "azurerm_public_ip.pip",
            "azurerm_resource_group.rg",
            "azurerm_subnet.subnet",
            "azurerm_virtual_network.vnet"
          ]
        },
        {
          "index_key": "vm3",
          "schema_version": 0,
          "attributes": {
            "applied_dns_servers": [],
            "dns_servers": [],
            "enable_accelerated_networking": false,
            "enable_ip_forwarding": false,
            "id": "/subscriptions/46e887db-59a6-4fcf-8e90-3750d9d7dbbe/resourceGroups/MoneyMinder/providers/Microsoft.Network/networkInterfaces/srv-frontend",
            "internal_dns_name_label": "",
            "internal_domain_name_suffix": "gerbt5r5a55ezbzxxu4r5bn2ta.ax.internal.cloudapp.net",
            "ip_configuration": [
              {
                "gateway_load_balancer_frontend_ip_configuration_id": "",
                "name": "internal",
                "primary": true,
                "private_ip_address": "172.16.0.5",
                "private_ip_address_allocation": "Dynamic",
                "private_ip_address_version": "IPv4",
                "public_ip_address_id": "/subscriptions/46e887db-59a6-4fcf-8e90-3750d9d7dbbe/resourceGroups/MoneyMinder/providers/Microsoft.Network/publicIPAddresses/srv-frontend",
                "subnet_id": "/subscriptions/46e887db-59a6-4fcf-8e90-3750d9d7dbbe/resourceGroups/MoneyMinder/providers/Microsoft.Network/virtualNetworks/moneyminder-network/subnets/VMsubnet"
              }
            ],
            "location": "westeurope",
            "mac_address": "",
            "name": "srv-frontend",
            "private_ip_address": "172.16.0.5",
            "private_ip_addresses": [
              "172.16.0.5"
            ],
            "resource_group_name": "MoneyMinder",
            "tags": null,
            "timeouts": null,
            "virtual_machine_id": ""
          },
          "sensitive_attributes": [],
          "private": "eyJlMmJmYjczMC1lY2FhLTExZTYtOGY4OC0zNDM2M2JjN2M0YzAiOnsiY3JlYXRlIjoxODAwMDAwMDAwMDAwLCJkZWxldGUiOjE4MDAwMDAwMDAwMDAsInJlYWQiOjMwMDAwMDAwMDAwMCwidXBkYXRlIjoxODAwMDAwMDAwMDAwfX0=",
          "dependencies": [
            "azurerm_public_ip.pip",
            "azurerm_resource_group.rg",
            "azurerm_subnet.subnet",
            "azurerm_virtual_network.vnet"
          ]
        }
      ]
    },
    {
      "mode": "managed",
      "type": "azurerm_network_security_group",
      "name": "sec",
      "provider": "provider[\"registry.terraform.io/hashicorp/azurerm\"]",
      "instances": [
        {
          "schema_version": 0,
          "attributes": {
            "id": "/subscriptions/46e887db-59a6-4fcf-8e90-3750d9d7dbbe/resourceGroups/MoneyMinder/providers/Microsoft.Network/networkSecurityGroups/moneyminder-securitygroup",
            "location": "westeurope",
            "name": "moneyminder-securitygroup",
            "resource_group_name": "MoneyMinder",
            "security_rule": [
              {
                "access": "Allow",
                "description": "",
                "destination_address_prefix": "*",
                "destination_address_prefixes": [],
                "destination_application_security_group_ids": [],
                "destination_port_range": "*",
                "destination_port_ranges": [],
                "direction": "Inbound",
                "name": "SecurityRole1",
                "priority": 100,
                "protocol": "Tcp",
                "source_address_prefix": "*",
                "source_address_prefixes": [],
                "source_application_security_group_ids": [],
                "source_port_range": "*",
                "source_port_ranges": []
              }
            ],
            "tags": {
              "environment": "MoneyFinderEnv"
            },
            "timeouts": null
          },
          "sensitive_attributes": [],
          "private": "eyJlMmJmYjczMC1lY2FhLTExZTYtOGY4OC0zNDM2M2JjN2M0YzAiOnsiY3JlYXRlIjoxODAwMDAwMDAwMDAwLCJkZWxldGUiOjE4MDAwMDAwMDAwMDAsInJlYWQiOjMwMDAwMDAwMDAwMCwidXBkYXRlIjoxODAwMDAwMDAwMDAwfX0=",
          "dependencies": [
            "azurerm_resource_group.rg"
          ]
        }
      ]
    },
    {
      "mode": "managed",
      "type": "azurerm_public_ip",
      "name": "pip",
      "provider": "provider[\"registry.terraform.io/hashicorp/azurerm\"]",
      "instances": [
        {
          "index_key": "vm1",
          "schema_version": 0,
          "attributes": {
            "allocation_method": "Dynamic",
            "availability_zone": "No-Zone",
            "domain_name_label": null,
            "fqdn": null,
            "id": "/subscriptions/46e887db-59a6-4fcf-8e90-3750d9d7dbbe/resourceGroups/MoneyMinder/providers/Microsoft.Network/publicIPAddresses/srv-backend",
            "idle_timeout_in_minutes": 4,
            "ip_address": "",
            "ip_tags": null,
            "ip_version": "IPv4",
            "location": "westeurope",
            "name": "srv-backend",
            "public_ip_prefix_id": null,
            "resource_group_name": "MoneyMinder",
            "reverse_fqdn": null,
            "sku": "Basic",
            "sku_tier": "Regional",
            "tags": null,
            "timeouts": null,
            "zones": []
          },
          "sensitive_attributes": [],
          "private": "eyJlMmJmYjczMC1lY2FhLTExZTYtOGY4OC0zNDM2M2JjN2M0YzAiOnsiY3JlYXRlIjoxODAwMDAwMDAwMDAwLCJkZWxldGUiOjE4MDAwMDAwMDAwMDAsInJlYWQiOjMwMDAwMDAwMDAwMCwidXBkYXRlIjoxODAwMDAwMDAwMDAwfX0=",
          "dependencies": [
            "azurerm_resource_group.rg"
          ]
        },
        {
          "index_key": "vm2",
          "schema_version": 0,
          "attributes": {
            "allocation_method": "Dynamic",
            "availability_zone": "No-Zone",
            "domain_name_label": null,
            "fqdn": null,
            "id": "/subscriptions/46e887db-59a6-4fcf-8e90-3750d9d7dbbe/resourceGroups/MoneyMinder/providers/Microsoft.Network/publicIPAddresses/srv-db",
            "idle_timeout_in_minutes": 4,
            "ip_address": "",
            "ip_tags": null,
            "ip_version": "IPv4",
            "location": "westeurope",
            "name": "srv-db",
            "public_ip_prefix_id": null,
            "resource_group_name": "MoneyMinder",
            "reverse_fqdn": null,
            "sku": "Basic",
            "sku_tier": "Regional",
            "tags": null,
            "timeouts": null,
            "zones": []
          },
          "sensitive_attributes": [],
          "private": "eyJlMmJmYjczMC1lY2FhLTExZTYtOGY4OC0zNDM2M2JjN2M0YzAiOnsiY3JlYXRlIjoxODAwMDAwMDAwMDAwLCJkZWxldGUiOjE4MDAwMDAwMDAwMDAsInJlYWQiOjMwMDAwMDAwMDAwMCwidXBkYXRlIjoxODAwMDAwMDAwMDAwfX0=",
          "dependencies": [
            "azurerm_resource_group.rg"
          ]
        },
        {
          "index_key": "vm3",
          "schema_version": 0,
          "attributes": {
            "allocation_method": "Dynamic",
            "availability_zone": "No-Zone",
            "domain_name_label": null,
            "fqdn": null,
            "id": "/subscriptions/46e887db-59a6-4fcf-8e90-3750d9d7dbbe/resourceGroups/MoneyMinder/providers/Microsoft.Network/publicIPAddresses/srv-frontend",
            "idle_timeout_in_minutes": 4,
            "ip_address": "",
            "ip_tags": null,
            "ip_version": "IPv4",
            "location": "westeurope",
            "name": "srv-frontend",
            "public_ip_prefix_id": null,
            "resource_group_name": "MoneyMinder",
            "reverse_fqdn": null,
            "sku": "Basic",
            "sku_tier": "Regional",
            "tags": null,
            "timeouts": null,
            "zones": []
          },
          "sensitive_attributes": [],
          "private": "eyJlMmJmYjczMC1lY2FhLTExZTYtOGY4OC0zNDM2M2JjN2M0YzAiOnsiY3JlYXRlIjoxODAwMDAwMDAwMDAwLCJkZWxldGUiOjE4MDAwMDAwMDAwMDAsInJlYWQiOjMwMDAwMDAwMDAwMCwidXBkYXRlIjoxODAwMDAwMDAwMDAwfX0=",
          "dependencies": [
            "azurerm_resource_group.rg"
          ]
        }
      ]
    },
    {
      "mode": "managed",
      "type": "azurerm_resource_group",
      "name": "rg",
      "provider": "provider[\"registry.terraform.io/hashicorp/azurerm\"]",
      "instances": [
        {
          "schema_version": 0,
          "attributes": {
            "id": "/subscriptions/46e887db-59a6-4fcf-8e90-3750d9d7dbbe/resourceGroups/MoneyMinder",
            "location": "westeurope",
            "name": "MoneyMinder",
            "tags": {
              "enviorment": "MoneyFinderEnv",
              "owner": "Pawlowski"
            },
            "timeouts": null
          },
          "sensitive_attributes": [],
          "private": "eyJlMmJmYjczMC1lY2FhLTExZTYtOGY4OC0zNDM2M2JjN2M0YzAiOnsiY3JlYXRlIjo1NDAwMDAwMDAwMDAwLCJkZWxldGUiOjU0MDAwMDAwMDAwMDAsInJlYWQiOjMwMDAwMDAwMDAwMCwidXBkYXRlIjo1NDAwMDAwMDAwMDAwfX0="
        }
      ]
    },
    {
      "mode": "managed",
      "type": "azurerm_storage_account",
      "name": "stor",
      "provider": "provider[\"registry.terraform.io/hashicorp/azurerm\"]",
      "instances": [
        {
          "schema_version": 2,
          "attributes": {
            "access_tier": "Hot",
            "account_kind": "StorageV2",
            "account_replication_type": "GRS",
            "account_tier": "Standard",
            "allow_blob_public_access": false,
            "azure_files_authentication": [],
            "blob_properties": [
              {
                "change_feed_enabled": false,
                "container_delete_retention_policy": [],
                "cors_rule": [],
                "default_service_version": "",
                "delete_retention_policy": [],
                "last_access_time_enabled": false,
                "versioning_enabled": false
              }
            ],
            "custom_domain": [],
            "customer_managed_key": [],
            "enable_https_traffic_only": true,
            "id": "/subscriptions/46e887db-59a6-4fcf-8e90-3750d9d7dbbe/resourceGroups/MoneyMinder/providers/Microsoft.Storage/storageAccounts/moneyminderstor",
            "identity": [],
            "infrastructure_encryption_enabled": false,
            "is_hns_enabled": false,
            "large_file_share_enabled": null,
            "location": "westeurope",
            "min_tls_version": "TLS1_0",
            "name": "moneyminderstor",
            "network_rules": [
              {
                "bypass": [
                  "AzureServices"
                ],
                "default_action": "Allow",
                "ip_rules": [],
                "private_link_access": [],
                "virtual_network_subnet_ids": []
              }
            ],
            "nfsv3_enabled": false,
            "primary_access_key": "76x61zdPy6ElyZdhgh/WU3vsAqaLv4GbXH8W4OfVKbbOFYsnocjJXlWTsRV+Lr2GlsCCkJU/e4Bq+ASthu6TLw==",
            "primary_blob_connection_string": "DefaultEndpointsProtocol=https;BlobEndpoint=https://moneyminderstor.blob.core.windows.net/;AccountName=moneyminderstor;AccountKey=76x61zdPy6ElyZdhgh/WU3vsAqaLv4GbXH8W4OfVKbbOFYsnocjJXlWTsRV+Lr2GlsCCkJU/e4Bq+ASthu6TLw==",
            "primary_blob_endpoint": "https://moneyminderstor.blob.core.windows.net/",
            "primary_blob_host": "moneyminderstor.blob.core.windows.net",
            "primary_connection_string": "DefaultEndpointsProtocol=https;AccountName=moneyminderstor;AccountKey=76x61zdPy6ElyZdhgh/WU3vsAqaLv4GbXH8W4OfVKbbOFYsnocjJXlWTsRV+Lr2GlsCCkJU/e4Bq+ASthu6TLw==;EndpointSuffix=core.windows.net",
            "primary_dfs_endpoint": "https://moneyminderstor.dfs.core.windows.net/",
            "primary_dfs_host": "moneyminderstor.dfs.core.windows.net",
            "primary_file_endpoint": "https://moneyminderstor.file.core.windows.net/",
            "primary_file_host": "moneyminderstor.file.core.windows.net",
            "primary_location": "westeurope",
            "primary_queue_endpoint": "https://moneyminderstor.queue.core.windows.net/",
            "primary_queue_host": "moneyminderstor.queue.core.windows.net",
            "primary_table_endpoint": "https://moneyminderstor.table.core.windows.net/",
            "primary_table_host": "moneyminderstor.table.core.windows.net",
            "primary_web_endpoint": "https://moneyminderstor.z6.web.core.windows.net/",
            "primary_web_host": "moneyminderstor.z6.web.core.windows.net",
            "queue_encryption_key_type": "Service",
            "queue_properties": [
              {
                "cors_rule": [],
                "hour_metrics": [
                  {
                    "enabled": true,
                    "include_apis": true,
                    "retention_policy_days": 7,
                    "version": "1.0"
                  }
                ],
                "logging": [
                  {
                    "delete": false,
                    "read": false,
                    "retention_policy_days": 0,
                    "version": "1.0",
                    "write": false
                  }
                ],
                "minute_metrics": [
                  {
                    "enabled": false,
                    "include_apis": false,
                    "retention_policy_days": 0,
                    "version": "1.0"
                  }
                ]
              }
            ],
            "resource_group_name": "MoneyMinder",
            "routing": [],
            "secondary_access_key": "AePkRIONc1IxMaIrwopFG/0hnG7k+ZQSrnC87K50F8v5h05ZyuPujTP31OZ3D5gGST9jkEHTPnGY+ASttzlVlQ==",
            "secondary_blob_connection_string": "",
            "secondary_blob_endpoint": null,
            "secondary_blob_host": null,
            "secondary_connection_string": "DefaultEndpointsProtocol=https;AccountName=moneyminderstor;AccountKey=AePkRIONc1IxMaIrwopFG/0hnG7k+ZQSrnC87K50F8v5h05ZyuPujTP31OZ3D5gGST9jkEHTPnGY+ASttzlVlQ==;EndpointSuffix=core.windows.net",
            "secondary_dfs_endpoint": null,
            "secondary_dfs_host": null,
            "secondary_file_endpoint": null,
            "secondary_file_host": null,
            "secondary_location": "northeurope",
            "secondary_queue_endpoint": null,
            "secondary_queue_host": null,
            "secondary_table_endpoint": null,
            "secondary_table_host": null,
            "secondary_web_endpoint": null,
            "secondary_web_host": null,
            "share_properties": [
              {
                "cors_rule": [],
                "retention_policy": [
                  {
                    "days": 7
                  }
                ],
                "smb": []
              }
            ],
            "shared_access_key_enabled": true,
            "static_website": [],
            "table_encryption_key_type": "Service",
            "tags": null,
            "timeouts": null
          },
          "sensitive_attributes": [],
          "private": "eyJlMmJmYjczMC1lY2FhLTExZTYtOGY4OC0zNDM2M2JjN2M0YzAiOnsiY3JlYXRlIjozNjAwMDAwMDAwMDAwLCJkZWxldGUiOjM2MDAwMDAwMDAwMDAsInJlYWQiOjMwMDAwMDAwMDAwMCwidXBkYXRlIjozNjAwMDAwMDAwMDAwfSwic2NoZW1hX3ZlcnNpb24iOiIyIn0=",
          "dependencies": [
            "azurerm_resource_group.rg"
          ]
        }
      ]
    },
    {
      "mode": "managed",
      "type": "azurerm_subnet",
      "name": "subnet",
      "provider": "provider[\"registry.terraform.io/hashicorp/azurerm\"]",
      "instances": [
        {
          "schema_version": 0,
          "attributes": {
            "address_prefix": "172.16.0.0/17",
            "address_prefixes": [
              "172.16.0.0/17"
            ],
            "delegation": [],
            "enforce_private_link_endpoint_network_policies": false,
            "enforce_private_link_service_network_policies": false,
            "id": "/subscriptions/46e887db-59a6-4fcf-8e90-3750d9d7dbbe/resourceGroups/MoneyMinder/providers/Microsoft.Network/virtualNetworks/moneyminder-network/subnets/VMsubnet",
            "name": "VMsubnet",
            "resource_group_name": "MoneyMinder",
            "service_endpoint_policy_ids": null,
            "service_endpoints": null,
            "timeouts": null,
            "virtual_network_name": "moneyminder-network"
          },
          "sensitive_attributes": [],
          "private": "eyJlMmJmYjczMC1lY2FhLTExZTYtOGY4OC0zNDM2M2JjN2M0YzAiOnsiY3JlYXRlIjoxODAwMDAwMDAwMDAwLCJkZWxldGUiOjE4MDAwMDAwMDAwMDAsInJlYWQiOjMwMDAwMDAwMDAwMCwidXBkYXRlIjoxODAwMDAwMDAwMDAwfX0=",
          "dependencies": [
            "azurerm_resource_group.rg",
            "azurerm_virtual_network.vnet"
          ]
        }
      ]
    },
    {
      "mode": "managed",
      "type": "azurerm_subnet_network_security_group_association",
      "name": "nsg",
      "provider": "provider[\"registry.terraform.io/hashicorp/azurerm\"]",
      "instances": [
        {
          "schema_version": 0,
          "attributes": {
            "id": "/subscriptions/46e887db-59a6-4fcf-8e90-3750d9d7dbbe/resourceGroups/MoneyMinder/providers/Microsoft.Network/virtualNetworks/moneyminder-network/subnets/VMsubnet",
            "network_security_group_id": "/subscriptions/46e887db-59a6-4fcf-8e90-3750d9d7dbbe/resourceGroups/MoneyMinder/providers/Microsoft.Network/networkSecurityGroups/moneyminder-securitygroup",
            "subnet_id": "/subscriptions/46e887db-59a6-4fcf-8e90-3750d9d7dbbe/resourceGroups/MoneyMinder/providers/Microsoft.Network/virtualNetworks/moneyminder-network/subnets/VMsubnet",
            "timeouts": null
          },
          "sensitive_attributes": [],
          "private": "eyJlMmJmYjczMC1lY2FhLTExZTYtOGY4OC0zNDM2M2JjN2M0YzAiOnsiY3JlYXRlIjoxODAwMDAwMDAwMDAwLCJkZWxldGUiOjE4MDAwMDAwMDAwMDAsInJlYWQiOjMwMDAwMDAwMDAwMCwidXBkYXRlIjoxODAwMDAwMDAwMDAwfX0=",
          "dependencies": [
            "azurerm_network_security_group.sec",
            "azurerm_resource_group.rg",
            "azurerm_subnet.subnet",
            "azurerm_virtual_network.vnet"
          ]
        }
      ]
    },
    {
      "mode": "managed",
      "type": "azurerm_virtual_network",
      "name": "vnet",
      "provider": "provider[\"registry.terraform.io/hashicorp/azurerm\"]",
      "instances": [
        {
          "schema_version": 0,
          "attributes": {
            "address_space": [
              "172.16.0.0/16"
            ],
            "bgp_community": "",
            "ddos_protection_plan": [],
            "dns_servers": [],
            "flow_timeout_in_minutes": 0,
            "guid": "fe192231-073f-4cfe-8737-bd3d1f85bc98",
            "id": "/subscriptions/46e887db-59a6-4fcf-8e90-3750d9d7dbbe/resourceGroups/MoneyMinder/providers/Microsoft.Network/virtualNetworks/moneyminder-network",
            "location": "westeurope",
            "name": "moneyminder-network",
            "resource_group_name": "MoneyMinder",
            "subnet": [],
            "tags": null,
            "timeouts": null,
            "vm_protection_enabled": false
          },
          "sensitive_attributes": [],
          "private": "eyJlMmJmYjczMC1lY2FhLTExZTYtOGY4OC0zNDM2M2JjN2M0YzAiOnsiY3JlYXRlIjoxODAwMDAwMDAwMDAwLCJkZWxldGUiOjE4MDAwMDAwMDAwMDAsInJlYWQiOjMwMDAwMDAwMDAwMCwidXBkYXRlIjoxODAwMDAwMDAwMDAwfX0=",
          "dependencies": [
            "azurerm_resource_group.rg"
          ]
        }
      ]
    }
  ],
  "check_results": null
}
